
Microsoft Visual Studio Solution File, Format Version 12.00
# Visual Studio Version 16
VisualStudioVersion = 16.0.31729.503
MinimumVisualStudioVersion = 10.0.40219.1
Project("{FAE04EC0-301F-11D3-BF4B-00C04F79EFBC}") = "WpfApp.MVVM.NavigationExample", "WpfApp.MVVM.NavigationExample\WpfApp.MVVM.NavigationExample.csproj", "{0156C3C3-0CF4-4501-ACD9-B747C684E313}"
EndProject
Global
	GlobalSection(SolutionConfigurationPlatforms) = preSolution
		Debug|Any CPU = Debug|Any CPU
		Release|Any CPU = Release|Any CPU
	EndGlobalSection
	GlobalSection(ProjectConfigurationPlatforms) = postSolution
		{0156C3C3-0CF4-4501-ACD9-B747C684E313}.Debug|Any CPU.ActiveCfg = Debug|Any CPU
		{0156C3C3-0CF4-4501-ACD9-B747C684E313}.Debug|Any CPU.Build.0 = Debug|Any CPU
		{0156C3C3-0CF4-4501-ACD9-B747C684E313}.Release|Any CPU.ActiveCfg = Release|Any CPU
		{0156C3C3-0CF4-4501-ACD9-B747C684E313}.Release|Any CPU.Build.0 = Release|Any CPU
	EndGlobalSection
	GlobalSection(SolutionProperties) = preSolution
		HideSolutionNode = FALSE
	EndGlobalSection
	GlobalSection(ExtensibilityGlobals) = postSolution
		SolutionGuid = {DE0ADB3D-EDC0-4CED-9A05-4FD413E19F48}
	EndGlobalSection
EndGlobal
